
Microsoft Visual Studio Solution File, Format Version 12.00
# Visual Studio Version 16
VisualStudioVersion = 16.0.30717.126
MinimumVisualStudioVersion = 10.0.40219.1
Project("{FAE04EC0-301F-11D3-BF4B-00C04F79EFBC}") = "RegularExpressionExample", "RegularExpressionExample.csproj", "{91F77B86-D517-4D4D-A23D-8717DE6AA187}"
EndProject
Global
	GlobalSection(SolutionConfigurationPlatforms) = preSolution
		Debug|Any CPU = Debug|Any CPU
		Release|Any CPU = Release|Any CPU
	EndGlobalSection
	GlobalSection(ProjectConfigurationPlatforms) = postSolution
		{91F77B86-D517-4D4D-A23D-8717DE6AA187}.Debug|Any CPU.ActiveCfg = Debug|Any CPU
		{91F77B86-D517-4D4D-A23D-8717DE6AA187}.Debug|Any CPU.Build.0 = Debug|Any CPU
		{91F77B86-D517-4D4D-A23D-8717DE6AA187}.Release|Any CPU.ActiveCfg = Release|Any CPU
		{91F77B86-D517-4D4D-A23D-8717DE6AA187}.Release|Any CPU.Build.0 = Release|Any CPU
	EndGlobalSection
	GlobalSection(SolutionProperties) = preSolution
		HideSolutionNode = FALSE
	EndGlobalSection
	GlobalSection(ExtensibilityGlobals) = postSolution
		SolutionGuid = {AB10A6DC-0CA7-49F6-8C1B-6F118DC627DD}
	EndGlobalSection
EndGlobal
